// !$*UTF8*$!
{
	archiveVersion = 1;
	classes = {
	};
	objectVersion = 50;
	objects = {

/* Begin PBXBuildFile section */
		840CAA3924758B800024DB5B /* AlphavantageWSTests.swift in Sources */ = {isa = PBXBuildFile; fileRef = 840CAA3824758B800024DB5B /* AlphavantageWSTests.swift */; };
		840CAA3B2477F10D0024DB5B /* stocks.json in Resources */ = {isa = PBXBuildFile; fileRef = 840CAA3A2477F10D0024DB5B /* stocks.json */; };
		8412C72F246A8F4E00AA342E /* StockCell.swift in Sources */ = {isa = PBXBuildFile; fileRef = 8412C72E246A8F4E00AA342E /* StockCell.swift */; };
		8412C731246A8F6A00AA342E /* StockList.swift in Sources */ = {isa = PBXBuildFile; fileRef = 8412C730246A8F6A00AA342E /* StockList.swift */; };
		8412C734246AB8C900AA342E /* StockViewModel.swift in Sources */ = {isa = PBXBuildFile; fileRef = 8412C733246AB8C900AA342E /* StockViewModel.swift */; };
		8412C736246AC3FF00AA342E /* SRDStocksData.swift in Sources */ = {isa = PBXBuildFile; fileRef = 8412C735246AC3FF00AA342E /* SRDStocksData.swift */; };
		842050342472728C001CBA9C /* StockHistory.swift in Sources */ = {isa = PBXBuildFile; fileRef = 842050332472728C001CBA9C /* StockHistory.swift */; };
		842050382472747C001CBA9C /* StockHistoryTests.swift in Sources */ = {isa = PBXBuildFile; fileRef = 842050372472747C001CBA9C /* StockHistoryTests.swift */; };
		8420503B24727994001CBA9C /* day_history.json in Resources */ = {isa = PBXBuildFile; fileRef = 8420503A24727994001CBA9C /* day_history.json */; };
		8420503D247279D4001CBA9C /* meta_history.json in Resources */ = {isa = PBXBuildFile; fileRef = 8420503C247279D4001CBA9C /* meta_history.json */; };
		84327DCB246FDDDA00FE4C87 /* accor_detail.json in Resources */ = {isa = PBXBuildFile; fileRef = 84327DCA246FDDDA00FE4C87 /* accor_detail.json */; };
		84327DCD2471AAD900FE4C87 /* StockTest.swift in Sources */ = {isa = PBXBuildFile; fileRef = 84327DCC2471AAD900FE4C87 /* StockTest.swift */; };
		84327DCF2471B1A900FE4C87 /* IBM_history.json in Resources */ = {isa = PBXBuildFile; fileRef = 84327DCE2471B1A900FE4C87 /* IBM_history.json */; };
		8465CFD2246984C5000290A8 /* AppDelegate.swift in Sources */ = {isa = PBXBuildFile; fileRef = 8465CFD1246984C5000290A8 /* AppDelegate.swift */; };
		8465CFD4246984C5000290A8 /* SceneDelegate.swift in Sources */ = {isa = PBXBuildFile; fileRef = 8465CFD3246984C5000290A8 /* SceneDelegate.swift */; };
		8465CFD6246984C5000290A8 /* ContentView.swift in Sources */ = {isa = PBXBuildFile; fileRef = 8465CFD5246984C5000290A8 /* ContentView.swift */; };
		8465CFD8246984C6000290A8 /* Assets.xcassets in Resources */ = {isa = PBXBuildFile; fileRef = 8465CFD7246984C6000290A8 /* Assets.xcassets */; };
		8465CFDB246984C6000290A8 /* Preview Assets.xcassets in Resources */ = {isa = PBXBuildFile; fileRef = 8465CFDA246984C6000290A8 /* Preview Assets.xcassets */; };
		8465CFDE246984C6000290A8 /* LaunchScreen.storyboard in Resources */ = {isa = PBXBuildFile; fileRef = 8465CFDC246984C6000290A8 /* LaunchScreen.storyboard */; };
		8465CFF4246984C6000290A8 /* Trading_CompanionUITests.swift in Sources */ = {isa = PBXBuildFile; fileRef = 8465CFF3246984C6000290A8 /* Trading_CompanionUITests.swift */; };
		8465D004246984F0000290A8 /* AlphavantageService.swift in Sources */ = {isa = PBXBuildFile; fileRef = 8465D001246984F0000290A8 /* AlphavantageService.swift */; };
		8465D005246984F0000290A8 /* Stock.swift in Sources */ = {isa = PBXBuildFile; fileRef = 8465D002246984F0000290A8 /* Stock.swift */; };
		8465D006246984F0000290A8 /* StockManager.swift in Sources */ = {isa = PBXBuildFile; fileRef = 8465D003246984F0000290A8 /* StockManager.swift */; };
		847B16E024753F5E0054BE02 /* ibm_global.json in Resources */ = {isa = PBXBuildFile; fileRef = 847B16DF24753F5E0054BE02 /* ibm_global.json */; };
		847B16E224753F940054BE02 /* StockGlobalTests.swift in Sources */ = {isa = PBXBuildFile; fileRef = 847B16E124753F940054BE02 /* StockGlobalTests.swift */; };
		847B16E4247540A70054BE02 /* StockGlobal.swift in Sources */ = {isa = PBXBuildFile; fileRef = 847B16E3247540A70054BE02 /* StockGlobal.swift */; };
		84B634E7246C3D1300BB1CA9 /* StockDetail.swift in Sources */ = {isa = PBXBuildFile; fileRef = 84B634E6246C3D1300BB1CA9 /* StockDetail.swift */; };
		84B634EA246C477100BB1CA9 /* StockDetailTests.swift in Sources */ = {isa = PBXBuildFile; fileRef = 84B634E9246C477100BB1CA9 /* StockDetailTests.swift */; };
		84B634EC246D0F1400BB1CA9 /* details_query.txt in Resources */ = {isa = PBXBuildFile; fileRef = 84B634E8246C3D1B00BB1CA9 /* details_query.txt */; };
/* End PBXBuildFile section */

/* Begin PBXContainerItemProxy section */
		8465CFE5246984C6000290A8 /* PBXContainerItemProxy */ = {
			isa = PBXContainerItemProxy;
			containerPortal = 8465CFC6246984C5000290A8 /* Project object */;
			proxyType = 1;
			remoteGlobalIDString = 8465CFCD246984C5000290A8;
			remoteInfo = "Trading Companion";
		};
		8465CFF0246984C6000290A8 /* PBXContainerItemProxy */ = {
			isa = PBXContainerItemProxy;
			containerPortal = 8465CFC6246984C5000290A8 /* Project object */;
			proxyType = 1;
			remoteGlobalIDString = 8465CFCD246984C5000290A8;
			remoteInfo = "Trading Companion";
		};
/* End PBXContainerItemProxy section */

/* Begin PBXFileReference section */
		840CAA3824758B800024DB5B /* AlphavantageWSTests.swift */ = {isa = PBXFileReference; lastKnownFileType = sourcecode.swift; path = AlphavantageWSTests.swift; sourceTree = "<group>"; };
		840CAA3A2477F10D0024DB5B /* stocks.json */ = {isa = PBXFileReference; fileEncoding = 4; lastKnownFileType = text.json; path = stocks.json; sourceTree = "<group>"; };
		8412C72E246A8F4E00AA342E /* StockCell.swift */ = {isa = PBXFileReference; lastKnownFileType = sourcecode.swift; path = StockCell.swift; sourceTree = "<group>"; };
		8412C730246A8F6A00AA342E /* StockList.swift */ = {isa = PBXFileReference; lastKnownFileType = sourcecode.swift; path = StockList.swift; sourceTree = "<group>"; };
		8412C733246AB8C900AA342E /* StockViewModel.swift */ = {isa = PBXFileReference; lastKnownFileType = sourcecode.swift; path = StockViewModel.swift; sourceTree = "<group>"; };
		8412C735246AC3FF00AA342E /* SRDStocksData.swift */ = {isa = PBXFileReference; lastKnownFileType = sourcecode.swift; path = SRDStocksData.swift; sourceTree = "<group>"; };
		842050332472728C001CBA9C /* StockHistory.swift */ = {isa = PBXFileReference; lastKnownFileType = sourcecode.swift; path = StockHistory.swift; sourceTree = "<group>"; };
		842050372472747C001CBA9C /* StockHistoryTests.swift */ = {isa = PBXFileReference; lastKnownFileType = sourcecode.swift; path = StockHistoryTests.swift; sourceTree = "<group>"; };
		8420503A24727994001CBA9C /* day_history.json */ = {isa = PBXFileReference; lastKnownFileType = text.json; path = day_history.json; sourceTree = "<group>"; };
		8420503C247279D4001CBA9C /* meta_history.json */ = {isa = PBXFileReference; lastKnownFileType = text.json; path = meta_history.json; sourceTree = "<group>"; };
		84327DCA246FDDDA00FE4C87 /* accor_detail.json */ = {isa = PBXFileReference; lastKnownFileType = text.json; path = accor_detail.json; sourceTree = "<group>"; };
		84327DCC2471AAD900FE4C87 /* StockTest.swift */ = {isa = PBXFileReference; lastKnownFileType = sourcecode.swift; path = StockTest.swift; sourceTree = "<group>"; };
		84327DCE2471B1A900FE4C87 /* IBM_history.json */ = {isa = PBXFileReference; lastKnownFileType = text.json; path = IBM_history.json; sourceTree = "<group>"; };
		8465CFCE246984C5000290A8 /* Trading Companion.app */ = {isa = PBXFileReference; explicitFileType = wrapper.application; includeInIndex = 0; path = "Trading Companion.app"; sourceTree = BUILT_PRODUCTS_DIR; };
		8465CFD1246984C5000290A8 /* AppDelegate.swift */ = {isa = PBXFileReference; lastKnownFileType = sourcecode.swift; path = AppDelegate.swift; sourceTree = "<group>"; };
		8465CFD3246984C5000290A8 /* SceneDelegate.swift */ = {isa = PBXFileReference; lastKnownFileType = sourcecode.swift; path = SceneDelegate.swift; sourceTree = "<group>"; };
		8465CFD5246984C5000290A8 /* ContentView.swift */ = {isa = PBXFileReference; lastKnownFileType = sourcecode.swift; path = ContentView.swift; sourceTree = "<group>"; };
		8465CFD7246984C6000290A8 /* Assets.xcassets */ = {isa = PBXFileReference; lastKnownFileType = folder.assetcatalog; path = Assets.xcassets; sourceTree = "<group>"; };
		8465CFDA246984C6000290A8 /* Preview Assets.xcassets */ = {isa = PBXFileReference; lastKnownFileType = folder.assetcatalog; path = "Preview Assets.xcassets"; sourceTree = "<group>"; };
		8465CFDD246984C6000290A8 /* Base */ = {isa = PBXFileReference; lastKnownFileType = file.storyboard; name = Base; path = Base.lproj/LaunchScreen.storyboard; sourceTree = "<group>"; };
		8465CFDF246984C6000290A8 /* Info.plist */ = {isa = PBXFileReference; lastKnownFileType = text.plist.xml; path = Info.plist; sourceTree = "<group>"; };
		8465CFE4246984C6000290A8 /* Trading CompanionTests.xctest */ = {isa = PBXFileReference; explicitFileType = wrapper.cfbundle; includeInIndex = 0; path = "Trading CompanionTests.xctest"; sourceTree = BUILT_PRODUCTS_DIR; };
		8465CFEA246984C6000290A8 /* Info.plist */ = {isa = PBXFileReference; lastKnownFileType = text.plist.xml; path = Info.plist; sourceTree = "<group>"; };
		8465CFEF246984C6000290A8 /* Trading CompanionUITests.xctest */ = {isa = PBXFileReference; explicitFileType = wrapper.cfbundle; includeInIndex = 0; path = "Trading CompanionUITests.xctest"; sourceTree = BUILT_PRODUCTS_DIR; };
		8465CFF3246984C6000290A8 /* Trading_CompanionUITests.swift */ = {isa = PBXFileReference; lastKnownFileType = sourcecode.swift; path = Trading_CompanionUITests.swift; sourceTree = "<group>"; };
		8465CFF5246984C6000290A8 /* Info.plist */ = {isa = PBXFileReference; lastKnownFileType = text.plist.xml; path = Info.plist; sourceTree = "<group>"; };
		8465D001246984F0000290A8 /* AlphavantageService.swift */ = {isa = PBXFileReference; fileEncoding = 4; lastKnownFileType = sourcecode.swift; path = AlphavantageService.swift; sourceTree = "<group>"; };
		8465D002246984F0000290A8 /* Stock.swift */ = {isa = PBXFileReference; fileEncoding = 4; lastKnownFileType = sourcecode.swift; path = Stock.swift; sourceTree = "<group>"; };
		8465D003246984F0000290A8 /* StockManager.swift */ = {isa = PBXFileReference; fileEncoding = 4; lastKnownFileType = sourcecode.swift; path = StockManager.swift; sourceTree = "<group>"; };
		847B16DF24753F5E0054BE02 /* ibm_global.json */ = {isa = PBXFileReference; lastKnownFileType = text.json; path = ibm_global.json; sourceTree = "<group>"; };
		847B16E124753F940054BE02 /* StockGlobalTests.swift */ = {isa = PBXFileReference; lastKnownFileType = sourcecode.swift; path = StockGlobalTests.swift; sourceTree = "<group>"; };
		847B16E3247540A70054BE02 /* StockGlobal.swift */ = {isa = PBXFileReference; lastKnownFileType = sourcecode.swift; path = StockGlobal.swift; sourceTree = "<group>"; };
		84B634E6246C3D1300BB1CA9 /* StockDetail.swift */ = {isa = PBXFileReference; lastKnownFileType = sourcecode.swift; path = StockDetail.swift; sourceTree = "<group>"; };
		84B634E8246C3D1B00BB1CA9 /* details_query.txt */ = {isa = PBXFileReference; lastKnownFileType = text; path = details_query.txt; sourceTree = "<group>"; };
		84B634E9246C477100BB1CA9 /* StockDetailTests.swift */ = {isa = PBXFileReference; lastKnownFileType = sourcecode.swift; path = StockDetailTests.swift; sourceTree = "<group>"; };
/* End PBXFileReference section */

/* Begin PBXFrameworksBuildPhase section */
		8465CFCB246984C5000290A8 /* Frameworks */ = {
			isa = PBXFrameworksBuildPhase;
			buildActionMask = 2147483647;
			files = (
			);
			runOnlyForDeploymentPostprocessing = 0;
		};
		8465CFE1246984C6000290A8 /* Frameworks */ = {
			isa = PBXFrameworksBuildPhase;
			buildActionMask = 2147483647;
			files = (
			);
			runOnlyForDeploymentPostprocessing = 0;
		};
		8465CFEC246984C6000290A8 /* Frameworks */ = {
			isa = PBXFrameworksBuildPhase;
			buildActionMask = 2147483647;
			files = (
			);
			runOnlyForDeploymentPostprocessing = 0;
		};
/* End PBXFrameworksBuildPhase section */

/* Begin PBXGroup section */
		8412C72D246A8F2E00AA342E /* View */ = {
			isa = PBXGroup;
			children = (
				8412C72E246A8F4E00AA342E /* StockCell.swift */,
				8412C730246A8F6A00AA342E /* StockList.swift */,
			);
			path = View;
			sourceTree = "<group>";
		};
		8412C732246AB8B000AA342E /* View Model */ = {
			isa = PBXGroup;
			children = (
				8412C733246AB8C900AA342E /* StockViewModel.swift */,
			);
			path = "View Model";
			sourceTree = "<group>";
		};
		84205039247274ED001CBA9C /* Ressources */ = {
			isa = PBXGroup;
			children = (
				84B634E8246C3D1B00BB1CA9 /* details_query.txt */,
				840CAA3A2477F10D0024DB5B /* stocks.json */,
				84327DCE2471B1A900FE4C87 /* IBM_history.json */,
				8420503A24727994001CBA9C /* day_history.json */,
				8420503C247279D4001CBA9C /* meta_history.json */,
				84327DCA246FDDDA00FE4C87 /* accor_detail.json */,
				847B16DF24753F5E0054BE02 /* ibm_global.json */,
			);
			path = Ressources;
			sourceTree = "<group>";
		};
		8465CFC5246984C5000290A8 = {
			isa = PBXGroup;
			children = (
				8465CFD0246984C5000290A8 /* Trading Companion */,
				8465CFE7246984C6000290A8 /* Trading CompanionTests */,
				8465CFF2246984C6000290A8 /* Trading CompanionUITests */,
				8465CFCF246984C5000290A8 /* Products */,
			);
			sourceTree = "<group>";
		};
		8465CFCF246984C5000290A8 /* Products */ = {
			isa = PBXGroup;
			children = (
				8465CFCE246984C5000290A8 /* Trading Companion.app */,
				8465CFE4246984C6000290A8 /* Trading CompanionTests.xctest */,
				8465CFEF246984C6000290A8 /* Trading CompanionUITests.xctest */,
			);
			name = Products;
			sourceTree = "<group>";
		};
		8465CFD0246984C5000290A8 /* Trading Companion */ = {
			isa = PBXGroup;
			children = (
				8412C732246AB8B000AA342E /* View Model */,
				8412C72D246A8F2E00AA342E /* View */,
				8465D0092469851D000290A8 /* Service */,
				8465D0082469850F000290A8 /* Manager */,
				8465D007246984FE000290A8 /* Model */,
				8465CFD1246984C5000290A8 /* AppDelegate.swift */,
				8465CFD3246984C5000290A8 /* SceneDelegate.swift */,
				8465CFD5246984C5000290A8 /* ContentView.swift */,
				8465CFD7246984C6000290A8 /* Assets.xcassets */,
				8465CFDC246984C6000290A8 /* LaunchScreen.storyboard */,
				8465CFDF246984C6000290A8 /* Info.plist */,
				8465CFD9246984C6000290A8 /* Preview Content */,
			);
			path = "Trading Companion";
			sourceTree = "<group>";
		};
		8465CFD9246984C6000290A8 /* Preview Content */ = {
			isa = PBXGroup;
			children = (
				8465CFDA246984C6000290A8 /* Preview Assets.xcassets */,
			);
			path = "Preview Content";
			sourceTree = "<group>";
		};
		8465CFE7246984C6000290A8 /* Trading CompanionTests */ = {
			isa = PBXGroup;
			children = (
				84327DCC2471AAD900FE4C87 /* StockTest.swift */,
				842050372472747C001CBA9C /* StockHistoryTests.swift */,
				84B634E9246C477100BB1CA9 /* StockDetailTests.swift */,
				847B16E124753F940054BE02 /* StockGlobalTests.swift */,
				840CAA3824758B800024DB5B /* AlphavantageWSTests.swift */,
				84205039247274ED001CBA9C /* Ressources */,
				8465CFEA246984C6000290A8 /* Info.plist */,
			);
			path = "Trading CompanionTests";
			sourceTree = "<group>";
		};
		8465CFF2246984C6000290A8 /* Trading CompanionUITests */ = {
			isa = PBXGroup;
			children = (
				8465CFF3246984C6000290A8 /* Trading_CompanionUITests.swift */,
				8465CFF5246984C6000290A8 /* Info.plist */,
			);
			path = "Trading CompanionUITests";
			sourceTree = "<group>";
		};
		8465D007246984FE000290A8 /* Model */ = {
			isa = PBXGroup;
			children = (
				8465D002246984F0000290A8 /* Stock.swift */,
				84B634E6246C3D1300BB1CA9 /* StockDetail.swift */,
				842050332472728C001CBA9C /* StockHistory.swift */,
				847B16E3247540A70054BE02 /* StockGlobal.swift */,
			);
			path = Model;
			sourceTree = "<group>";
		};
		8465D0082469850F000290A8 /* Manager */ = {
			isa = PBXGroup;
			children = (
				8465D003246984F0000290A8 /* StockManager.swift */,
			);
			path = Manager;
			sourceTree = "<group>";
		};
		8465D0092469851D000290A8 /* Service */ = {
			isa = PBXGroup;
			children = (
				8465D001246984F0000290A8 /* AlphavantageService.swift */,
				8412C735246AC3FF00AA342E /* SRDStocksData.swift */,
			);
			path = Service;
			sourceTree = "<group>";
		};
/* End PBXGroup section */

/* Begin PBXNativeTarget section */
		8465CFCD246984C5000290A8 /* Trading Companion */ = {
			isa = PBXNativeTarget;
			buildConfigurationList = 8465CFF8246984C6000290A8 /* Build configuration list for PBXNativeTarget "Trading Companion" */;
			buildPhases = (
				8465CFCA246984C5000290A8 /* Sources */,
				8465CFCB246984C5000290A8 /* Frameworks */,
				8465CFCC246984C5000290A8 /* Resources */,
			);
			buildRules = (
			);
			dependencies = (
			);
			name = "Trading Companion";
			productName = "Trading Companion";
			productReference = 8465CFCE246984C5000290A8 /* Trading Companion.app */;
			productType = "com.apple.product-type.application";
		};
		8465CFE3246984C6000290A8 /* Trading CompanionTests */ = {
			isa = PBXNativeTarget;
			buildConfigurationList = 8465CFFB246984C6000290A8 /* Build configuration list for PBXNativeTarget "Trading CompanionTests" */;
			buildPhases = (
				8465CFE0246984C6000290A8 /* Sources */,
				8465CFE1246984C6000290A8 /* Frameworks */,
				8465CFE2246984C6000290A8 /* Resources */,
			);
			buildRules = (
			);
			dependencies = (
				8465CFE6246984C6000290A8 /* PBXTargetDependency */,
			);
			name = "Trading CompanionTests";
			productName = "Trading CompanionTests";
			productReference = 8465CFE4246984C6000290A8 /* Trading CompanionTests.xctest */;
			productType = "com.apple.product-type.bundle.unit-test";
		};
		8465CFEE246984C6000290A8 /* Trading CompanionUITests */ = {
			isa = PBXNativeTarget;
			buildConfigurationList = 8465CFFE246984C6000290A8 /* Build configuration list for PBXNativeTarget "Trading CompanionUITests" */;
			buildPhases = (
				8465CFEB246984C6000290A8 /* Sources */,
				8465CFEC246984C6000290A8 /* Frameworks */,
				8465CFED246984C6000290A8 /* Resources */,
			);
			buildRules = (
			);
			dependencies = (
				8465CFF1246984C6000290A8 /* PBXTargetDependency */,
			);
			name = "Trading CompanionUITests";
			productName = "Trading CompanionUITests";
			productReference = 8465CFEF246984C6000290A8 /* Trading CompanionUITests.xctest */;
			productType = "com.apple.product-type.bundle.ui-testing";
		};
/* End PBXNativeTarget section */

/* Begin PBXProject section */
		8465CFC6246984C5000290A8 /* Project object */ = {
			isa = PBXProject;
			attributes = {
				LastSwiftUpdateCheck = 1140;
				LastUpgradeCheck = 1140;
				ORGANIZATIONNAME = devios;
				TargetAttributes = {
					8465CFCD246984C5000290A8 = {
						CreatedOnToolsVersion = 11.4.1;
					};
					8465CFE3246984C6000290A8 = {
						CreatedOnToolsVersion = 11.4.1;
						TestTargetID = 8465CFCD246984C5000290A8;
					};
					8465CFEE246984C6000290A8 = {
						CreatedOnToolsVersion = 11.4.1;
						TestTargetID = 8465CFCD246984C5000290A8;
					};
				};
			};
			buildConfigurationList = 8465CFC9246984C5000290A8 /* Build configuration list for PBXProject "Trading Companion" */;
			compatibilityVersion = "Xcode 9.3";
			developmentRegion = en;
			hasScannedForEncodings = 0;
			knownRegions = (
				en,
				Base,
			);
			mainGroup = 8465CFC5246984C5000290A8;
			productRefGroup = 8465CFCF246984C5000290A8 /* Products */;
			projectDirPath = "";
			projectRoot = "";
			targets = (
				8465CFCD246984C5000290A8 /* Trading Companion */,
				8465CFE3246984C6000290A8 /* Trading CompanionTests */,
				8465CFEE246984C6000290A8 /* Trading CompanionUITests */,
			);
		};
/* End PBXProject section */

/* Begin PBXResourcesBuildPhase section */
		8465CFCC246984C5000290A8 /* Resources */ = {
			isa = PBXResourcesBuildPhase;
			buildActionMask = 2147483647;
			files = (
				8465CFDE246984C6000290A8 /* LaunchScreen.storyboard in Resources */,
				8465CFDB246984C6000290A8 /* Preview Assets.xcassets in Resources */,
				8465CFD8246984C6000290A8 /* Assets.xcassets in Resources */,
			);
			runOnlyForDeploymentPostprocessing = 0;
		};
		8465CFE2246984C6000290A8 /* Resources */ = {
			isa = PBXResourcesBuildPhase;
			buildActionMask = 2147483647;
			files = (
				8420503D247279D4001CBA9C /* meta_history.json in Resources */,
				84327DCF2471B1A900FE4C87 /* IBM_history.json in Resources */,
				84B634EC246D0F1400BB1CA9 /* details_query.txt in Resources */,
				847B16E024753F5E0054BE02 /* ibm_global.json in Resources */,
				8420503B24727994001CBA9C /* day_history.json in Resources */,
				84327DCB246FDDDA00FE4C87 /* accor_detail.json in Resources */,
				840CAA3B2477F10D0024DB5B /* stocks.json in Resources */,
			);
			runOnlyForDeploymentPostprocessing = 0;
		};
		8465CFED246984C6000290A8 /* Resources */ = {
			isa = PBXResourcesBuildPhase;
			buildActionMask = 2147483647;
			files = (
			);
			runOnlyForDeploymentPostprocessing = 0;
		};
/* End PBXResourcesBuildPhase section */

/* Begin PBXSourcesBuildPhase section */
		8465CFCA246984C5000290A8 /* Sources */ = {
			isa = PBXSourcesBuildPhase;
			buildActionMask = 2147483647;
			files = (
				8412C734246AB8C900AA342E /* StockViewModel.swift in Sources */,
				8465CFD2246984C5000290A8 /* AppDelegate.swift in Sources */,
				8465D005246984F0000290A8 /* Stock.swift in Sources */,
				84B634E7246C3D1300BB1CA9 /* StockDetail.swift in Sources */,
				8412C731246A8F6A00AA342E /* StockList.swift in Sources */,
				8412C736246AC3FF00AA342E /* SRDStocksData.swift in Sources */,
				8412C72F246A8F4E00AA342E /* StockCell.swift in Sources */,
				842050342472728C001CBA9C /* StockHistory.swift in Sources */,
				8465D006246984F0000290A8 /* StockManager.swift in Sources */,
				8465D004246984F0000290A8 /* AlphavantageService.swift in Sources */,
				8465CFD4246984C5000290A8 /* SceneDelegate.swift in Sources */,
				847B16E4247540A70054BE02 /* StockGlobal.swift in Sources */,
				8465CFD6246984C5000290A8 /* ContentView.swift in Sources */,
			);
			runOnlyForDeploymentPostprocessing = 0;
		};
		8465CFE0246984C6000290A8 /* Sources */ = {
			isa = PBXSourcesBuildPhase;
			buildActionMask = 2147483647;
			files = (
				84327DCD2471AAD900FE4C87 /* StockTest.swift in Sources */,
				847B16E224753F940054BE02 /* StockGlobalTests.swift in Sources */,
				84B634EA246C477100BB1CA9 /* StockDetailTests.swift in Sources */,
				842050382472747C001CBA9C /* StockHistoryTests.swift in Sources */,
				840CAA3924758B800024DB5B /* AlphavantageWSTests.swift in Sources */,
			);
			runOnlyForDeploymentPostprocessing = 0;
		};
		8465CFEB246984C6000290A8 /* Sources */ = {
			isa = PBXSourcesBuildPhase;
			buildActionMask = 2147483647;
			files = (
				8465CFF4246984C6000290A8 /* Trading_CompanionUITests.swift in Sources */,
			);
			runOnlyForDeploymentPostprocessing = 0;
		};
/* End PBXSourcesBuildPhase section */

/* Begin PBXTargetDependency section */
		8465CFE6246984C6000290A8 /* PBXTargetDependency */ = {
			isa = PBXTargetDependency;
			target = 8465CFCD246984C5000290A8 /* Trading Companion */;
			targetProxy = 8465CFE5246984C6000290A8 /* PBXContainerItemProxy */;
		};
		8465CFF1246984C6000290A8 /* PBXTargetDependency */ = {
			isa = PBXTargetDependency;
			target = 8465CFCD246984C5000290A8 /* Trading Companion */;
			targetProxy = 8465CFF0246984C6000290A8 /* PBXContainerItemProxy */;
		};
/* End PBXTargetDependency section */

/* Begin PBXVariantGroup section */
		8465CFDC246984C6000290A8 /* LaunchScreen.storyboard */ = {
			isa = PBXVariantGroup;
			children = (
				8465CFDD246984C6000290A8 /* Base */,
			);
			name = LaunchScreen.storyboard;
			sourceTree = "<group>";
		};
/* End PBXVariantGroup section */

/* Begin XCBuildConfiguration section */
		8465CFF6246984C6000290A8 /* Debug */ = {
			isa = XCBuildConfiguration;
			buildSettings = {
				ALWAYS_SEARCH_USER_PATHS = NO;
				CLANG_ANALYZER_NONNULL = YES;
				CLANG_ANALYZER_NUMBER_OBJECT_CONVERSION = YES_AGGRESSIVE;
				CLANG_CXX_LANGUAGE_STANDARD = "gnu++14";
				CLANG_CXX_LIBRARY = "libc++";
				CLANG_ENABLE_MODULES = YES;
				CLANG_ENABLE_OBJC_ARC = YES;
				CLANG_ENABLE_OBJC_WEAK = YES;
				CLANG_WARN_BLOCK_CAPTURE_AUTORELEASING = YES;
				CLANG_WARN_BOOL_CONVERSION = YES;
				CLANG_WARN_COMMA = YES;
				CLANG_WARN_CONSTANT_CONVERSION = YES;
				CLANG_WARN_DEPRECATED_OBJC_IMPLEMENTATIONS = YES;
				CLANG_WARN_DIRECT_OBJC_ISA_USAGE = YES_ERROR;
				CLANG_WARN_DOCUMENTATION_COMMENTS = YES;
				CLANG_WARN_EMPTY_BODY = YES;
				CLANG_WARN_ENUM_CONVERSION = YES;
				CLANG_WARN_INFINITE_RECURSION = YES;
				CLANG_WARN_INT_CONVERSION = YES;
				CLANG_WARN_NON_LITERAL_NULL_CONVERSION = YES;
				CLANG_WARN_OBJC_IMPLICIT_RETAIN_SELF = YES;
				CLANG_WARN_OBJC_LITERAL_CONVERSION = YES;
				CLANG_WARN_OBJC_ROOT_CLASS = YES_ERROR;
				CLANG_WARN_RANGE_LOOP_ANALYSIS = YES;
				CLANG_WARN_STRICT_PROTOTYPES = YES;
				CLANG_WARN_SUSPICIOUS_MOVE = YES;
				CLANG_WARN_UNGUARDED_AVAILABILITY = YES_AGGRESSIVE;
				CLANG_WARN_UNREACHABLE_CODE = YES;
				CLANG_WARN__DUPLICATE_METHOD_MATCH = YES;
				COPY_PHASE_STRIP = NO;
				DEBUG_INFORMATION_FORMAT = dwarf;
				ENABLE_STRICT_OBJC_MSGSEND = YES;
				ENABLE_TESTABILITY = YES;
				GCC_C_LANGUAGE_STANDARD = gnu11;
				GCC_DYNAMIC_NO_PIC = NO;
				GCC_NO_COMMON_BLOCKS = YES;
				GCC_OPTIMIZATION_LEVEL = 0;
				GCC_PREPROCESSOR_DEFINITIONS = (
					"DEBUG=1",
					"$(inherited)",
				);
				GCC_WARN_64_TO_32_BIT_CONVERSION = YES;
				GCC_WARN_ABOUT_RETURN_TYPE = YES_ERROR;
				GCC_WARN_UNDECLARED_SELECTOR = YES;
				GCC_WARN_UNINITIALIZED_AUTOS = YES_AGGRESSIVE;
				GCC_WARN_UNUSED_FUNCTION = YES;
				GCC_WARN_UNUSED_VARIABLE = YES;
				IPHONEOS_DEPLOYMENT_TARGET = 13.4;
				MTL_ENABLE_DEBUG_INFO = INCLUDE_SOURCE;
				MTL_FAST_MATH = YES;
				ONLY_ACTIVE_ARCH = YES;
				SDKROOT = iphoneos;
				SWIFT_ACTIVE_COMPILATION_CONDITIONS = DEBUG;
				SWIFT_OPTIMIZATION_LEVEL = "-Onone";
			};
			name = Debug;
		};
		8465CFF7246984C6000290A8 /* Release */ = {
			isa = XCBuildConfiguration;
			buildSettings = {
				ALWAYS_SEARCH_USER_PATHS = NO;
				CLANG_ANALYZER_NONNULL = YES;
				CLANG_ANALYZER_NUMBER_OBJECT_CONVERSION = YES_AGGRESSIVE;
				CLANG_CXX_LANGUAGE_STANDARD = "gnu++14";
				CLANG_CXX_LIBRARY = "libc++";
				CLANG_ENABLE_MODULES = YES;
				CLANG_ENABLE_OBJC_ARC = YES;
				CLANG_ENABLE_OBJC_WEAK = YES;
				CLANG_WARN_BLOCK_CAPTURE_AUTORELEASING = YES;
				CLANG_WARN_BOOL_CONVERSION = YES;
				CLANG_WARN_COMMA = YES;
				CLANG_WARN_CONSTANT_CONVERSION = YES;
				CLANG_WARN_DEPRECATED_OBJC_IMPLEMENTATIONS = YES;
				CLANG_WARN_DIRECT_OBJC_ISA_USAGE = YES_ERROR;
				CLANG_WARN_DOCUMENTATION_COMMENTS = YES;
				CLANG_WARN_EMPTY_BODY = YES;
				CLANG_WARN_ENUM_CONVERSION = YES;
				CLANG_WARN_INFINITE_RECURSION = YES;
				CLANG_WARN_INT_CONVERSION = YES;
				CLANG_WARN_NON_LITERAL_NULL_CONVERSION = YES;
				CLANG_WARN_OBJC_IMPLICIT_RETAIN_SELF = YES;
				CLANG_WARN_OBJC_LITERAL_CONVERSION = YES;
				CLANG_WARN_OBJC_ROOT_CLASS = YES_ERROR;
				CLANG_WARN_RANGE_LOOP_ANALYSIS = YES;
				CLANG_WARN_STRICT_PROTOTYPES = YES;
				CLANG_WARN_SUSPICIOUS_MOVE = YES;
				CLANG_WARN_UNGUARDED_AVAILABILITY = YES_AGGRESSIVE;
				CLANG_WARN_UNREACHABLE_CODE = YES;
				CLANG_WARN__DUPLICATE_METHOD_MATCH = YES;
				COPY_PHASE_STRIP = NO;
				DEBUG_INFORMATION_FORMAT = "dwarf-with-dsym";
				ENABLE_NS_ASSERTIONS = NO;
				ENABLE_STRICT_OBJC_MSGSEND = YES;
				GCC_C_LANGUAGE_STANDARD = gnu11;
				GCC_NO_COMMON_BLOCKS = YES;
				GCC_WARN_64_TO_32_BIT_CONVERSION = YES;
				GCC_WARN_ABOUT_RETURN_TYPE = YES_ERROR;
				GCC_WARN_UNDECLARED_SELECTOR = YES;
				GCC_WARN_UNINITIALIZED_AUTOS = YES_AGGRESSIVE;
				GCC_WARN_UNUSED_FUNCTION = YES;
				GCC_WARN_UNUSED_VARIABLE = YES;
				IPHONEOS_DEPLOYMENT_TARGET = 13.4;
				MTL_ENABLE_DEBUG_INFO = NO;
				MTL_FAST_MATH = YES;
				SDKROOT = iphoneos;
				SWIFT_COMPILATION_MODE = wholemodule;
				SWIFT_OPTIMIZATION_LEVEL = "-O";
				VALIDATE_PRODUCT = YES;
			};
			name = Release;
		};
		8465CFF9246984C6000290A8 /* Debug */ = {
			isa = XCBuildConfiguration;
			buildSettings = {
				ASSETCATALOG_COMPILER_APPICON_NAME = AppIcon;
				CODE_SIGN_STYLE = Automatic;
				DEVELOPMENT_ASSET_PATHS = "\"Trading Companion/Preview Content\"";
				DEVELOPMENT_TEAM = 32DX3M943S;
				ENABLE_PREVIEWS = YES;
				INFOPLIST_FILE = "Trading Companion/Info.plist";
				LD_RUNPATH_SEARCH_PATHS = (
					"$(inherited)",
					"@executable_path/Frameworks",
				);
				PRODUCT_BUNDLE_IDENTIFIER = "LucCasimir.Trading-Companion";
				PRODUCT_NAME = "$(TARGET_NAME)";
				SWIFT_VERSION = 5.0;
				TARGETED_DEVICE_FAMILY = "1,2";
			};
			name = Debug;
		};
		8465CFFA246984C6000290A8 /* Release */ = {
			isa = XCBuildConfiguration;
			buildSettings = {
				ASSETCATALOG_COMPILER_APPICON_NAME = AppIcon;
				CODE_SIGN_STYLE = Automatic;
				DEVELOPMENT_ASSET_PATHS = "\"Trading Companion/Preview Content\"";
				DEVELOPMENT_TEAM = 32DX3M943S;
				ENABLE_PREVIEWS = YES;
				INFOPLIST_FILE = "Trading Companion/Info.plist";
				LD_RUNPATH_SEARCH_PATHS = (
					"$(inherited)",
					"@executable_path/Frameworks",
				);
				PRODUCT_BUNDLE_IDENTIFIER = "LucCasimir.Trading-Companion";
				PRODUCT_NAME = "$(TARGET_NAME)";
				SWIFT_VERSION = 5.0;
				TARGETED_DEVICE_FAMILY = "1,2";
			};
			name = Release;
		};
		8465CFFC246984C6000290A8 /* Debug */ = {
			isa = XCBuildConfiguration;
			buildSettings = {
				ALWAYS_EMBED_SWIFT_STANDARD_LIBRARIES = YES;
				BUNDLE_LOADER = "$(TEST_HOST)";
				CODE_SIGN_STYLE = Automatic;
				DEVELOPMENT_TEAM = 32DX3M943S;
				INFOPLIST_FILE = "Trading CompanionTests/Info.plist";
				IPHONEOS_DEPLOYMENT_TARGET = 13.4;
				LD_RUNPATH_SEARCH_PATHS = (
					"$(inherited)",
					"@executable_path/Frameworks",
					"@loader_path/Frameworks",
				);
				PRODUCT_BUNDLE_IDENTIFIER = "LucCasimir.Trading-CompanionTests";
				PRODUCT_NAME = "$(TARGET_NAME)";
				SWIFT_VERSION = 5.0;
				TARGETED_DEVICE_FAMILY = "1,2";
				TEST_HOST = "$(BUILT_PRODUCTS_DIR)/Trading Companion.app/Trading Companion";
			};
			name = Debug;
		};
		8465CFFD246984C6000290A8 /* Release */ = {
			isa = XCBuildConfiguration;
			buildSettings = {
				ALWAYS_EMBED_SWIFT_STANDARD_LIBRARIES = YES;
				BUNDLE_LOADER = "$(TEST_HOST)";
				CODE_SIGN_STYLE = Automatic;
				DEVELOPMENT_TEAM = 32DX3M943S;
				INFOPLIST_FILE = "Trading CompanionTests/Info.plist";
				IPHONEOS_DEPLOYMENT_TARGET = 13.4;
				LD_RUNPATH_SEARCH_PATHS = (
					"$(inherited)",
					"@executable_path/Frameworks",
					"@loader_path/Frameworks",
				);
				PRODUCT_BUNDLE_IDENTIFIER = "LucCasimir.Trading-CompanionTests";
				PRODUCT_NAME = "$(TARGET_NAME)";
				SWIFT_VERSION = 5.0;
				TARGETED_DEVICE_FAMILY = "1,2";
				TEST_HOST = "$(BUILT_PRODUCTS_DIR)/Trading Companion.app/Trading Companion";
			};
			name = Release;
		};
		8465CFFF246984C6000290A8 /* Debug */ = {
			isa = XCBuildConfiguration;
			buildSettings = {
				ALWAYS_EMBED_SWIFT_STANDARD_LIBRARIES = YES;
				CODE_SIGN_STYLE = Automatic;
				DEVELOPMENT_TEAM = 32DX3M943S;
				INFOPLIST_FILE = "Trading CompanionUITests/Info.plist";
				LD_RUNPATH_SEARCH_PATHS = (
					"$(inherited)",
					"@executable_path/Frameworks",
					"@loader_path/Frameworks",
				);
				PRODUCT_BUNDLE_IDENTIFIER = "LucCasimir.Trading-CompanionUITests";
				PRODUCT_NAME = "$(TARGET_NAME)";
				SWIFT_VERSION = 5.0;
				TARGETED_DEVICE_FAMILY = "1,2";
				TEST_TARGET_NAME = "Trading Companion";
			};
			name = Debug;
		};
		8465D000246984C6000290A8 /* Release */ = {
			isa = XCBuildConfiguration;
			buildSettings = {
				ALWAYS_EMBED_SWIFT_STANDARD_LIBRARIES = YES;
				CODE_SIGN_STYLE = Automatic;
				DEVELOPMENT_TEAM = 32DX3M943S;
				INFOPLIST_FILE = "Trading CompanionUITests/Info.plist";
				LD_RUNPATH_SEARCH_PATHS = (
					"$(inherited)",
					"@executable_path/Frameworks",
					"@loader_path/Frameworks",
				);
				PRODUCT_BUNDLE_IDENTIFIER = "LucCasimir.Trading-CompanionUITests";
				PRODUCT_NAME = "$(TARGET_NAME)";
				SWIFT_VERSION = 5.0;
				TARGETED_DEVICE_FAMILY = "1,2";
				TEST_TARGET_NAME = "Trading Companion";
			};
			name = Release;
		};
/* End XCBuildConfiguration section */

/* Begin XCConfigurationList section */
		8465CFC9246984C5000290A8 /* Build configuration list for PBXProject "Trading Companion" */ = {
			isa = XCConfigurationList;
			buildConfigurations = (
				8465CFF6246984C6000290A8 /* Debug */,
				8465CFF7246984C6000290A8 /* Release */,
			);
			defaultConfigurationIsVisible = 0;
			defaultConfigurationName = Release;
		};
		8465CFF8246984C6000290A8 /* Build configuration list for PBXNativeTarget "Trading Companion" */ = {
			isa = XCConfigurationList;
			buildConfigurations = (
				8465CFF9246984C6000290A8 /* Debug */,
				8465CFFA246984C6000290A8 /* Release */,
			);
			defaultConfigurationIsVisible = 0;
			defaultConfigurationName = Release;
		};
		8465CFFB246984C6000290A8 /* Build configuration list for PBXNativeTarget "Trading CompanionTests" */ = {
			isa = XCConfigurationList;
			buildConfigurations = (
				8465CFFC246984C6000290A8 /* Debug */,
				8465CFFD246984C6000290A8 /* Release */,
			);
			defaultConfigurationIsVisible = 0;
			defaultConfigurationName = Release;
		};
		8465CFFE246984C6000290A8 /* Build configuration list for PBXNativeTarget "Trading CompanionUITests" */ = {
			isa = XCConfigurationList;
			buildConfigurations = (
				8465CFFF246984C6000290A8 /* Debug */,
				8465D000246984C6000290A8 /* Release */,
			);
			defaultConfigurationIsVisible = 0;
			defaultConfigurationName = Release;
		};
/* End XCConfigurationList section */
	};
	rootObject = 8465CFC6246984C5000290A8 /* Project object */;
}
